{
    "version": 3,
    "terraform_version": "0.11.13",
    "serial": 2,
    "lineage": "e13087bd-b11a-7208-0680-48d0c8bd2a97",
    "modules": [
        {
            "path": [
                "root"
            ],
            "outputs": {},
            "resources": {
                "google_compute_firewall.css-firewall": {
                    "type": "google_compute_firewall",
                    "depends_on": [
                        "google_compute_network.css-clock-Application"
                    ],
                    "primary": {
                        "id": "css-clock-firewall",
                        "attributes": {
                            "allow.#": "2",
                            "allow.1250112605.ports.#": "2",
                            "allow.1250112605.ports.0": "80",
                            "allow.1250112605.ports.1": "443",
                            "allow.1250112605.protocol": "tcp",
                            "allow.1486604749.ports.#": "0",
                            "allow.1486604749.protocol": "udp",
                            "creation_timestamp": "2019-04-13T00:27:34.213-07:00",
                            "deny.#": "0",
                            "description": "",
                            "destination_ranges.#": "0",
                            "direction": "INGRESS",
                            "disabled": "false",
                            "id": "css-clock-firewall",
                            "name": "css-clock-firewall",
                            "network": "https://www.googleapis.com/compute/v1/projects/gcp-mentorship/global/networks/css-applications",
                            "priority": "1000",
                            "project": "gcp-mentorship",
                            "self_link": "https://www.googleapis.com/compute/v1/projects/gcp-mentorship/global/firewalls/css-clock-firewall",
                            "source_ranges.#": "1",
                            "source_ranges.1080289494": "0.0.0.0/0",
                            "source_service_accounts.#": "0",
                            "source_tags.#": "0",
                            "target_service_accounts.#": "0",
                            "target_tags.#": "1",
                            "target_tags.3218319981": "css-clock"
                        },
                        "meta": {
                            "e2bfb730-ecaa-11e6-8f88-34363bc7c4c0": {
                                "create": 240000000000,
                                "delete": 240000000000,
                                "update": 240000000000
                            },
                            "schema_version": "1"
                        },
                        "tainted": false
                    },
                    "deposed": [],
                    "provider": "provider.google"
                },
                "google_compute_firewall.css-firewall-deny": {
                    "type": "google_compute_firewall",
                    "depends_on": [
                        "google_compute_network.css-clock-Application"
                    ],
                    "primary": {
                        "id": "css-clock-firewall-deny",
                        "attributes": {
                            "allow.#": "1",
                            "allow.1367131964.ports.#": "0",
                            "allow.1367131964.protocol": "icmp",
                            "creation_timestamp": "2019-04-13T00:27:34.826-07:00",
                            "deny.#": "0",
                            "description": "",
                            "destination_ranges.#": "0",
                            "direction": "INGRESS",
                            "disabled": "false",
                            "id": "css-clock-firewall-deny",
                            "name": "css-clock-firewall-deny",
                            "network": "https://www.googleapis.com/compute/v1/projects/gcp-mentorship/global/networks/css-applications",
                            "priority": "1000",
                            "project": "gcp-mentorship",
                            "self_link": "https://www.googleapis.com/compute/v1/projects/gcp-mentorship/global/firewalls/css-clock-firewall-deny",
                            "source_ranges.#": "1",
                            "source_ranges.1080289494": "0.0.0.0/0",
                            "source_service_accounts.#": "0",
                            "source_tags.#": "0",
                            "target_service_accounts.#": "0",
                            "target_tags.#": "1",
                            "target_tags.3218319981": "css-clock"
                        },
                        "meta": {
                            "e2bfb730-ecaa-11e6-8f88-34363bc7c4c0": {
                                "create": 240000000000,
                                "delete": 240000000000,
                                "update": 240000000000
                            },
                            "schema_version": "1"
                        },
                        "tainted": false
                    },
                    "deposed": [],
                    "provider": "provider.google"
                },
                "google_compute_network.css-clock-Application": {
                    "type": "google_compute_network",
                    "depends_on": [],
                    "primary": {
                        "id": "css-applications",
                        "attributes": {
                            "auto_create_subnetworks": "true",
                            "description": "",
                            "gateway_ipv4": "",
                            "id": "css-applications",
                            "ipv4_range": "",
                            "name": "css-applications",
                            "project": "gcp-mentorship",
                            "routing_mode": "REGIONAL",
                            "self_link": "https://www.googleapis.com/compute/v1/projects/gcp-mentorship/global/networks/css-applications"
                        },
                        "meta": {
                            "e2bfb730-ecaa-11e6-8f88-34363bc7c4c0": {
                                "create": 240000000000,
                                "delete": 240000000000,
                                "update": 240000000000
                            }
                        },
                        "tainted": false
                    },
                    "deposed": [],
                    "provider": "provider.google"
                }
            },
            "depends_on": []
        }
    ]
}
